
Microsoft Visual Studio Solution File, Format Version 12.00
# Visual Studio 15
VisualStudioVersion = 15.0.27428.2002
MinimumVisualStudioVersion = 10.0.40219.1
Project("{FAE04EC0-301F-11D3-BF4B-00C04F79EFBC}") = "KRDWebApi", "KRDWebApi\KRDWebApi.csproj", "{E7B8769C-A049-4178-BF50-7B9C28F12130}"
EndProject
Project("{FAE04EC0-301F-11D3-BF4B-00C04F79EFBC}") = "KRDWebApi.Tests", "KRDWebApi.Tests\KRDWebApi.Tests.csproj", "{A5E9E96A-A0C4-4D51-A804-CFA5FB5A9B73}"
EndProject
Global
	GlobalSection(SolutionConfigurationPlatforms) = preSolution
		Debug|Any CPU = Debug|Any CPU
		Release|Any CPU = Release|Any CPU
	EndGlobalSection
	GlobalSection(ProjectConfigurationPlatforms) = postSolution
		{E7B8769C-A049-4178-BF50-7B9C28F12130}.Debug|Any CPU.ActiveCfg = Debug|Any CPU
		{E7B8769C-A049-4178-BF50-7B9C28F12130}.Debug|Any CPU.Build.0 = Debug|Any CPU
		{E7B8769C-A049-4178-BF50-7B9C28F12130}.Release|Any CPU.ActiveCfg = Release|Any CPU
		{E7B8769C-A049-4178-BF50-7B9C28F12130}.Release|Any CPU.Build.0 = Release|Any CPU
		{A5E9E96A-A0C4-4D51-A804-CFA5FB5A9B73}.Debug|Any CPU.ActiveCfg = Debug|Any CPU
		{A5E9E96A-A0C4-4D51-A804-CFA5FB5A9B73}.Debug|Any CPU.Build.0 = Debug|Any CPU
		{A5E9E96A-A0C4-4D51-A804-CFA5FB5A9B73}.Release|Any CPU.ActiveCfg = Release|Any CPU
		{A5E9E96A-A0C4-4D51-A804-CFA5FB5A9B73}.Release|Any CPU.Build.0 = Release|Any CPU
	EndGlobalSection
	GlobalSection(SolutionProperties) = preSolution
		HideSolutionNode = FALSE
	EndGlobalSection
	GlobalSection(ExtensibilityGlobals) = postSolution
		SolutionGuid = {7E1E271D-6EF9-4238-8D2D-1C83DC1DB155}
	EndGlobalSection
EndGlobal
